
Microsoft Visual Studio Solution File, Format Version 12.00
# Visual Studio 2013
VisualStudioVersion = 12.0.30501.0
MinimumVisualStudioVersion = 10.0.40219.1
Project("{2150E333-8FDC-42A3-9474-1A3956D46DE8}") = "0-readme", "0-readme", "{AACAE477-9DBB-426B-A398-3BCEABC556C4}"
	ProjectSection(SolutionItems) = preProject
		README.md = README.md
	EndProjectSection
EndProject
Project("{FAE04EC0-301F-11D3-BF4B-00C04F79EFBC}") = "Domain", "Domain\Domain.csproj", "{33EF8460-958A-4D8B-BC56-B827569FB270}"
EndProject
Project("{FAE04EC0-301F-11D3-BF4B-00C04F79EFBC}") = "Data.Contracts", "Data.Contracts\Data.Contracts.csproj", "{F643E3AF-D0D9-426C-9B72-F577BC6BF83D}"
EndProject
Project("{FAE04EC0-301F-11D3-BF4B-00C04F79EFBC}") = "Data.FileSystem", "Data.FileSystem\Data.FileSystem.csproj", "{A0C2D429-E329-4451-829E-B92DB9585131}"
EndProject
Project("{FAE04EC0-301F-11D3-BF4B-00C04F79EFBC}") = "StorageTest", "Tests\StorageTest\StorageTest.csproj", "{02DB9198-E06C-43D6-A590-524D3EC139F1}"
EndProject
Project("{FAE04EC0-301F-11D3-BF4B-00C04F79EFBC}") = "TwitterService", "TwitterService\TwitterService.csproj", "{36629C16-2EA2-4D93-9FF7-854539A2CB5B}"
EndProject
Project("{FAE04EC0-301F-11D3-BF4B-00C04F79EFBC}") = "Core.Common", "Core.Common\Core.Common.csproj", "{1C52C3B5-6BFC-4213-B5A2-DBEC3825E265}"
EndProject
Project("{FAE04EC0-301F-11D3-BF4B-00C04F79EFBC}") = "Core.DependencyResolver", "Core.DependencyResolver\Core.DependencyResolver.csproj", "{64281AD7-63D4-4681-A24F-39F6418F0388}"
EndProject
Project("{2150E333-8FDC-42A3-9474-1A3956D46DE8}") = "3-Core", "3-Core", "{C856E1B3-B980-4C14-A065-A0CF95928F3E}"
EndProject
Project("{2150E333-8FDC-42A3-9474-1A3956D46DE8}") = "2-Resources", "2-Resources", "{915094CC-118B-43B8-95D4-F0D5D9FBB2EB}"
EndProject
Project("{2150E333-8FDC-42A3-9474-1A3956D46DE8}") = "Tests", "Tests", "{B2761E7B-D438-4F94-8A82-A2E06393A8BD}"
EndProject
Project("{2150E333-8FDC-42A3-9474-1A3956D46DE8}") = "1-Client", "1-Client", "{99F5A574-C975-45EB-A7B8-97310679A3D7}"
EndProject
Project("{FAE04EC0-301F-11D3-BF4B-00C04F79EFBC}") = "Data.AzureBlob", "Data.AzureBlob\Data.AzureBlob.csproj", "{2D1E75DC-A2CB-4C96-B752-CB01A31CE6A2}"
EndProject
Project("{2150E333-8FDC-42A3-9474-1A3956D46DE8}") = "sentiment scores", "sentiment scores", "{49E198A9-7CD2-4F7E-8011-0D6EA406DC8F}"
	ProjectSection(SolutionItems) = preProject
		score files\AFINN-111.txt = score files\AFINN-111.txt
		score files\AFINN-README.txt = score files\AFINN-README.txt
		score files\negative-words.txt = score files\negative-words.txt
		score files\positive-words.txt = score files\positive-words.txt
	EndProjectSection
EndProject
Project("{2150E333-8FDC-42A3-9474-1A3956D46DE8}") = "Contracts", "Contracts", "{F4572072-B4CF-4808-AB1D-20BBF26C6C14}"
EndProject
Project("{FAE04EC0-301F-11D3-BF4B-00C04F79EFBC}") = "Data.MSQueue", "Data.MSQueue\Data.MSQueue.csproj", "{64F6CF07-848C-42C3-A844-E07A5597631F}"
EndProject
Global
	GlobalSection(SolutionConfigurationPlatforms) = preSolution
		Debug|Any CPU = Debug|Any CPU
		Release|Any CPU = Release|Any CPU
	EndGlobalSection
	GlobalSection(ProjectConfigurationPlatforms) = postSolution
		{33EF8460-958A-4D8B-BC56-B827569FB270}.Debug|Any CPU.ActiveCfg = Debug|Any CPU
		{33EF8460-958A-4D8B-BC56-B827569FB270}.Debug|Any CPU.Build.0 = Debug|Any CPU
		{33EF8460-958A-4D8B-BC56-B827569FB270}.Release|Any CPU.ActiveCfg = Release|Any CPU
		{33EF8460-958A-4D8B-BC56-B827569FB270}.Release|Any CPU.Build.0 = Release|Any CPU
		{F643E3AF-D0D9-426C-9B72-F577BC6BF83D}.Debug|Any CPU.ActiveCfg = Debug|Any CPU
		{F643E3AF-D0D9-426C-9B72-F577BC6BF83D}.Debug|Any CPU.Build.0 = Debug|Any CPU
		{F643E3AF-D0D9-426C-9B72-F577BC6BF83D}.Release|Any CPU.ActiveCfg = Release|Any CPU
		{F643E3AF-D0D9-426C-9B72-F577BC6BF83D}.Release|Any CPU.Build.0 = Release|Any CPU
		{A0C2D429-E329-4451-829E-B92DB9585131}.Debug|Any CPU.ActiveCfg = Debug|Any CPU
		{A0C2D429-E329-4451-829E-B92DB9585131}.Debug|Any CPU.Build.0 = Debug|Any CPU
		{A0C2D429-E329-4451-829E-B92DB9585131}.Release|Any CPU.ActiveCfg = Release|Any CPU
		{A0C2D429-E329-4451-829E-B92DB9585131}.Release|Any CPU.Build.0 = Release|Any CPU
		{02DB9198-E06C-43D6-A590-524D3EC139F1}.Debug|Any CPU.ActiveCfg = Debug|Any CPU
		{02DB9198-E06C-43D6-A590-524D3EC139F1}.Debug|Any CPU.Build.0 = Debug|Any CPU
		{02DB9198-E06C-43D6-A590-524D3EC139F1}.Release|Any CPU.ActiveCfg = Release|Any CPU
		{02DB9198-E06C-43D6-A590-524D3EC139F1}.Release|Any CPU.Build.0 = Release|Any CPU
		{36629C16-2EA2-4D93-9FF7-854539A2CB5B}.Debug|Any CPU.ActiveCfg = Debug|Any CPU
		{36629C16-2EA2-4D93-9FF7-854539A2CB5B}.Debug|Any CPU.Build.0 = Debug|Any CPU
		{36629C16-2EA2-4D93-9FF7-854539A2CB5B}.Release|Any CPU.ActiveCfg = Release|Any CPU
		{36629C16-2EA2-4D93-9FF7-854539A2CB5B}.Release|Any CPU.Build.0 = Release|Any CPU
		{1C52C3B5-6BFC-4213-B5A2-DBEC3825E265}.Debug|Any CPU.ActiveCfg = Debug|Any CPU
		{1C52C3B5-6BFC-4213-B5A2-DBEC3825E265}.Debug|Any CPU.Build.0 = Debug|Any CPU
		{1C52C3B5-6BFC-4213-B5A2-DBEC3825E265}.Release|Any CPU.ActiveCfg = Release|Any CPU
		{1C52C3B5-6BFC-4213-B5A2-DBEC3825E265}.Release|Any CPU.Build.0 = Release|Any CPU
		{64281AD7-63D4-4681-A24F-39F6418F0388}.Debug|Any CPU.ActiveCfg = Debug|Any CPU
		{64281AD7-63D4-4681-A24F-39F6418F0388}.Debug|Any CPU.Build.0 = Debug|Any CPU
		{64281AD7-63D4-4681-A24F-39F6418F0388}.Release|Any CPU.ActiveCfg = Release|Any CPU
		{64281AD7-63D4-4681-A24F-39F6418F0388}.Release|Any CPU.Build.0 = Release|Any CPU
		{2D1E75DC-A2CB-4C96-B752-CB01A31CE6A2}.Debug|Any CPU.ActiveCfg = Debug|Any CPU
		{2D1E75DC-A2CB-4C96-B752-CB01A31CE6A2}.Debug|Any CPU.Build.0 = Debug|Any CPU
		{2D1E75DC-A2CB-4C96-B752-CB01A31CE6A2}.Release|Any CPU.ActiveCfg = Release|Any CPU
		{2D1E75DC-A2CB-4C96-B752-CB01A31CE6A2}.Release|Any CPU.Build.0 = Release|Any CPU
		{64F6CF07-848C-42C3-A844-E07A5597631F}.Debug|Any CPU.ActiveCfg = Debug|Any CPU
		{64F6CF07-848C-42C3-A844-E07A5597631F}.Debug|Any CPU.Build.0 = Debug|Any CPU
		{64F6CF07-848C-42C3-A844-E07A5597631F}.Release|Any CPU.ActiveCfg = Release|Any CPU
		{64F6CF07-848C-42C3-A844-E07A5597631F}.Release|Any CPU.Build.0 = Release|Any CPU
	EndGlobalSection
	GlobalSection(SolutionProperties) = preSolution
		HideSolutionNode = FALSE
	EndGlobalSection
	GlobalSection(NestedProjects) = preSolution
		{33EF8460-958A-4D8B-BC56-B827569FB270} = {C856E1B3-B980-4C14-A065-A0CF95928F3E}
		{F643E3AF-D0D9-426C-9B72-F577BC6BF83D} = {F4572072-B4CF-4808-AB1D-20BBF26C6C14}
		{A0C2D429-E329-4451-829E-B92DB9585131} = {915094CC-118B-43B8-95D4-F0D5D9FBB2EB}
		{02DB9198-E06C-43D6-A590-524D3EC139F1} = {B2761E7B-D438-4F94-8A82-A2E06393A8BD}
		{36629C16-2EA2-4D93-9FF7-854539A2CB5B} = {99F5A574-C975-45EB-A7B8-97310679A3D7}
		{1C52C3B5-6BFC-4213-B5A2-DBEC3825E265} = {C856E1B3-B980-4C14-A065-A0CF95928F3E}
		{64281AD7-63D4-4681-A24F-39F6418F0388} = {C856E1B3-B980-4C14-A065-A0CF95928F3E}
		{2D1E75DC-A2CB-4C96-B752-CB01A31CE6A2} = {915094CC-118B-43B8-95D4-F0D5D9FBB2EB}
		{49E198A9-7CD2-4F7E-8011-0D6EA406DC8F} = {915094CC-118B-43B8-95D4-F0D5D9FBB2EB}
		{F4572072-B4CF-4808-AB1D-20BBF26C6C14} = {915094CC-118B-43B8-95D4-F0D5D9FBB2EB}
		{64F6CF07-848C-42C3-A844-E07A5597631F} = {915094CC-118B-43B8-95D4-F0D5D9FBB2EB}
	EndGlobalSection
EndGlobal
